// !$*UTF8*$!
{
	archiveVersion = 1;
	classes = {
	};
	objectVersion = 55;
	objects = {

/* Begin PBXBuildFile section */
		AF4217B82700D626005F86B1 /* Tests_iOS.swift in Sources */ = {isa = PBXBuildFile; fileRef = AF4217B72700D626005F86B1 /* Tests_iOS.swift */; };
		AF4217BA2700D626005F86B1 /* Tests_iOSLaunchTests.swift in Sources */ = {isa = PBXBuildFile; fileRef = AF4217B92700D626005F86B1 /* Tests_iOSLaunchTests.swift */; };
		AF4217C42700D626005F86B1 /* Tests_macOS.swift in Sources */ = {isa = PBXBuildFile; fileRef = AF4217C32700D626005F86B1 /* Tests_macOS.swift */; };
		AF4217C62700D626005F86B1 /* Tests_macOSLaunchTests.swift in Sources */ = {isa = PBXBuildFile; fileRef = AF4217C52700D626005F86B1 /* Tests_macOSLaunchTests.swift */; };
		AF4217C72700D626005F86B1 /* OnDemand_resourcesApp.swift in Sources */ = {isa = PBXBuildFile; fileRef = AF42179F2700D625005F86B1 /* OnDemand_resourcesApp.swift */; };
		AF4217C82700D626005F86B1 /* OnDemand_resourcesApp.swift in Sources */ = {isa = PBXBuildFile; fileRef = AF42179F2700D625005F86B1 /* OnDemand_resourcesApp.swift */; };
		AF4217C92700D626005F86B1 /* ContentView.swift in Sources */ = {isa = PBXBuildFile; fileRef = AF4217A02700D625005F86B1 /* ContentView.swift */; };
		AF4217CA2700D626005F86B1 /* ContentView.swift in Sources */ = {isa = PBXBuildFile; fileRef = AF4217A02700D625005F86B1 /* ContentView.swift */; };
		AF4217CB2700D626005F86B1 /* Assets.xcassets in Resources */ = {isa = PBXBuildFile; fileRef = AF4217A12700D626005F86B1 /* Assets.xcassets */; };
		AF4217CC2700D626005F86B1 /* Assets.xcassets in Resources */ = {isa = PBXBuildFile; fileRef = AF4217A12700D626005F86B1 /* Assets.xcassets */; };
		AF4217DC2700DAD7005F86B1 /* OnDemandResources.swift in Sources */ = {isa = PBXBuildFile; fileRef = AF4217DB2700DAD7005F86B1 /* OnDemandResources.swift */; };
		AF4217DD2700DAD7005F86B1 /* OnDemandResources.swift in Sources */ = {isa = PBXBuildFile; fileRef = AF4217DB2700DAD7005F86B1 /* OnDemandResources.swift */; };
		AF4217DF2700DCC9005F86B1 /* DownloadResource.swift in Sources */ = {isa = PBXBuildFile; fileRef = AF4217DE2700DCC9005F86B1 /* DownloadResource.swift */; };
		AF4217E02700DCC9005F86B1 /* DownloadResource.swift in Sources */ = {isa = PBXBuildFile; fileRef = AF4217DE2700DCC9005F86B1 /* DownloadResource.swift */; };
/* End PBXBuildFile section */

/* Begin PBXContainerItemProxy section */
		AF4217B42700D626005F86B1 /* PBXContainerItemProxy */ = {
			isa = PBXContainerItemProxy;
			containerPortal = AF42179A2700D625005F86B1 /* Project object */;
			proxyType = 1;
			remoteGlobalIDString = AF4217A52700D626005F86B1;
			remoteInfo = "OnDemand resources (iOS)";
		};
		AF4217C02700D626005F86B1 /* PBXContainerItemProxy */ = {
			isa = PBXContainerItemProxy;
			containerPortal = AF42179A2700D625005F86B1 /* Project object */;
			proxyType = 1;
			remoteGlobalIDString = AF4217AB2700D626005F86B1;
			remoteInfo = "OnDemand resources (macOS)";
		};
/* End PBXContainerItemProxy section */

/* Begin PBXFileReference section */
		AF42179F2700D625005F86B1 /* OnDemand_resourcesApp.swift */ = {isa = PBXFileReference; lastKnownFileType = sourcecode.swift; path = OnDemand_resourcesApp.swift; sourceTree = "<group>"; };
		AF4217A02700D625005F86B1 /* ContentView.swift */ = {isa = PBXFileReference; lastKnownFileType = sourcecode.swift; path = ContentView.swift; sourceTree = "<group>"; };
		AF4217A12700D626005F86B1 /* Assets.xcassets */ = {isa = PBXFileReference; lastKnownFileType = folder.assetcatalog; path = Assets.xcassets; sourceTree = "<group>"; };
		AF4217A62700D626005F86B1 /* OnDemand resources.app */ = {isa = PBXFileReference; explicitFileType = wrapper.application; includeInIndex = 0; path = "OnDemand resources.app"; sourceTree = BUILT_PRODUCTS_DIR; };
		AF4217AC2700D626005F86B1 /* OnDemand resources.app */ = {isa = PBXFileReference; explicitFileType = wrapper.application; includeInIndex = 0; path = "OnDemand resources.app"; sourceTree = BUILT_PRODUCTS_DIR; };
		AF4217AE2700D626005F86B1 /* macOS.entitlements */ = {isa = PBXFileReference; lastKnownFileType = text.plist.entitlements; path = macOS.entitlements; sourceTree = "<group>"; };
		AF4217B32700D626005F86B1 /* Tests iOS.xctest */ = {isa = PBXFileReference; explicitFileType = wrapper.cfbundle; includeInIndex = 0; path = "Tests iOS.xctest"; sourceTree = BUILT_PRODUCTS_DIR; };
		AF4217B72700D626005F86B1 /* Tests_iOS.swift */ = {isa = PBXFileReference; lastKnownFileType = sourcecode.swift; path = Tests_iOS.swift; sourceTree = "<group>"; };
		AF4217B92700D626005F86B1 /* Tests_iOSLaunchTests.swift */ = {isa = PBXFileReference; lastKnownFileType = sourcecode.swift; path = Tests_iOSLaunchTests.swift; sourceTree = "<group>"; };
		AF4217BF2700D626005F86B1 /* Tests macOS.xctest */ = {isa = PBXFileReference; explicitFileType = wrapper.cfbundle; includeInIndex = 0; path = "Tests macOS.xctest"; sourceTree = BUILT_PRODUCTS_DIR; };
		AF4217C32700D626005F86B1 /* Tests_macOS.swift */ = {isa = PBXFileReference; lastKnownFileType = sourcecode.swift; path = Tests_macOS.swift; sourceTree = "<group>"; };
		AF4217C52700D626005F86B1 /* Tests_macOSLaunchTests.swift */ = {isa = PBXFileReference; lastKnownFileType = sourcecode.swift; path = Tests_macOSLaunchTests.swift; sourceTree = "<group>"; };
		AF4217DB2700DAD7005F86B1 /* OnDemandResources.swift */ = {isa = PBXFileReference; lastKnownFileType = sourcecode.swift; path = OnDemandResources.swift; sourceTree = "<group>"; };
		AF4217DE2700DCC9005F86B1 /* DownloadResource.swift */ = {isa = PBXFileReference; lastKnownFileType = sourcecode.swift; path = DownloadResource.swift; sourceTree = "<group>"; };
/* End PBXFileReference section */

/* Begin PBXFrameworksBuildPhase section */
		AF4217A32700D626005F86B1 /* Frameworks */ = {
			isa = PBXFrameworksBuildPhase;
			buildActionMask = 2147483647;
			files = (
			);
			runOnlyForDeploymentPostprocessing = 0;
		};
		AF4217A92700D626005F86B1 /* Frameworks */ = {
			isa = PBXFrameworksBuildPhase;
			buildActionMask = 2147483647;
			files = (
			);
			runOnlyForDeploymentPostprocessing = 0;
		};
		AF4217B02700D626005F86B1 /* Frameworks */ = {
			isa = PBXFrameworksBuildPhase;
			buildActionMask = 2147483647;
			files = (
			);
			runOnlyForDeploymentPostprocessing = 0;
		};
		AF4217BC2700D626005F86B1 /* Frameworks */ = {
			isa = PBXFrameworksBuildPhase;
			buildActionMask = 2147483647;
			files = (
			);
			runOnlyForDeploymentPostprocessing = 0;
		};
/* End PBXFrameworksBuildPhase section */

/* Begin PBXGroup section */
		AF4217992700D625005F86B1 = {
			isa = PBXGroup;
			children = (
				AF42179E2700D625005F86B1 /* Shared */,
				AF4217AD2700D626005F86B1 /* macOS */,
				AF4217B62700D626005F86B1 /* Tests iOS */,
				AF4217C22700D626005F86B1 /* Tests macOS */,
				AF4217A72700D626005F86B1 /* Products */,
			);
			sourceTree = "<group>";
		};
		AF42179E2700D625005F86B1 /* Shared */ = {
			isa = PBXGroup;
			children = (
				AF42179F2700D625005F86B1 /* OnDemand_resourcesApp.swift */,
				AF4217A02700D625005F86B1 /* ContentView.swift */,
				AF4217A12700D626005F86B1 /* Assets.xcassets */,
				AF4217DB2700DAD7005F86B1 /* OnDemandResources.swift */,
				AF4217DE2700DCC9005F86B1 /* DownloadResource.swift */,
			);
			path = Shared;
			sourceTree = "<group>";
		};
		AF4217A72700D626005F86B1 /* Products */ = {
			isa = PBXGroup;
			children = (
				AF4217A62700D626005F86B1 /* OnDemand resources.app */,
				AF4217AC2700D626005F86B1 /* OnDemand resources.app */,
				AF4217B32700D626005F86B1 /* Tests iOS.xctest */,
				AF4217BF2700D626005F86B1 /* Tests macOS.xctest */,
			);
			name = Products;
			sourceTree = "<group>";
		};
		AF4217AD2700D626005F86B1 /* macOS */ = {
			isa = PBXGroup;
			children = (
				AF4217AE2700D626005F86B1 /* macOS.entitlements */,
			);
			path = macOS;
			sourceTree = "<group>";
		};
		AF4217B62700D626005F86B1 /* Tests iOS */ = {
			isa = PBXGroup;
			children = (
				AF4217B72700D626005F86B1 /* Tests_iOS.swift */,
				AF4217B92700D626005F86B1 /* Tests_iOSLaunchTests.swift */,
			);
			path = "Tests iOS";
			sourceTree = "<group>";
		};
		AF4217C22700D626005F86B1 /* Tests macOS */ = {
			isa = PBXGroup;
			children = (
				AF4217C32700D626005F86B1 /* Tests_macOS.swift */,
				AF4217C52700D626005F86B1 /* Tests_macOSLaunchTests.swift */,
			);
			path = "Tests macOS";
			sourceTree = "<group>";
		};
/* End PBXGroup section */

/* Begin PBXNativeTarget section */
		AF4217A52700D626005F86B1 /* OnDemand resources (iOS) */ = {
			isa = PBXNativeTarget;
			buildConfigurationList = AF4217CF2700D626005F86B1 /* Build configuration list for PBXNativeTarget "OnDemand resources (iOS)" */;
			buildPhases = (
				AF4217A22700D626005F86B1 /* Sources */,
				AF4217A32700D626005F86B1 /* Frameworks */,
				AF4217A42700D626005F86B1 /* Resources */,
			);
			buildRules = (
			);
			dependencies = (
			);
			name = "OnDemand resources (iOS)";
			productName = "OnDemand resources (iOS)";
			productReference = AF4217A62700D626005F86B1 /* OnDemand resources.app */;
			productType = "com.apple.product-type.application";
		};
		AF4217AB2700D626005F86B1 /* OnDemand resources (macOS) */ = {
			isa = PBXNativeTarget;
			buildConfigurationList = AF4217D22700D626005F86B1 /* Build configuration list for PBXNativeTarget "OnDemand resources (macOS)" */;
			buildPhases = (
				AF4217A82700D626005F86B1 /* Sources */,
				AF4217A92700D626005F86B1 /* Frameworks */,
				AF4217AA2700D626005F86B1 /* Resources */,
			);
			buildRules = (
			);
			dependencies = (
			);
			name = "OnDemand resources (macOS)";
			productName = "OnDemand resources (macOS)";
			productReference = AF4217AC2700D626005F86B1 /* OnDemand resources.app */;
			productType = "com.apple.product-type.application";
		};
		AF4217B22700D626005F86B1 /* Tests iOS */ = {
			isa = PBXNativeTarget;
			buildConfigurationList = AF4217D52700D626005F86B1 /* Build configuration list for PBXNativeTarget "Tests iOS" */;
			buildPhases = (
				AF4217AF2700D626005F86B1 /* Sources */,
				AF4217B02700D626005F86B1 /* Frameworks */,
				AF4217B12700D626005F86B1 /* Resources */,
			);
			buildRules = (
			);
			dependencies = (
				AF4217B52700D626005F86B1 /* PBXTargetDependency */,
			);
			name = "Tests iOS";
			productName = "Tests iOS";
			productReference = AF4217B32700D626005F86B1 /* Tests iOS.xctest */;
			productType = "com.apple.product-type.bundle.ui-testing";
		};
		AF4217BE2700D626005F86B1 /* Tests macOS */ = {
			isa = PBXNativeTarget;
			buildConfigurationList = AF4217D82700D626005F86B1 /* Build configuration list for PBXNativeTarget "Tests macOS" */;
			buildPhases = (
				AF4217BB2700D626005F86B1 /* Sources */,
				AF4217BC2700D626005F86B1 /* Frameworks */,
				AF4217BD2700D626005F86B1 /* Resources */,
			);
			buildRules = (
			);
			dependencies = (
				AF4217C12700D626005F86B1 /* PBXTargetDependency */,
			);
			name = "Tests macOS";
			productName = "Tests macOS";
			productReference = AF4217BF2700D626005F86B1 /* Tests macOS.xctest */;
			productType = "com.apple.product-type.bundle.ui-testing";
		};
/* End PBXNativeTarget section */

/* Begin PBXProject section */
		AF42179A2700D625005F86B1 /* Project object */ = {
			isa = PBXProject;
			attributes = {
				BuildIndependentTargetsInParallel = 1;
				KnownAssetTags = (
					MyIcons,
				);
				LastSwiftUpdateCheck = 1300;
				LastUpgradeCheck = 1300;
				TargetAttributes = {
					AF4217A52700D626005F86B1 = {
						CreatedOnToolsVersion = 13.0;
					};
					AF4217AB2700D626005F86B1 = {
						CreatedOnToolsVersion = 13.0;
					};
					AF4217B22700D626005F86B1 = {
						CreatedOnToolsVersion = 13.0;
						TestTargetID = AF4217A52700D626005F86B1;
					};
					AF4217BE2700D626005F86B1 = {
						CreatedOnToolsVersion = 13.0;
						TestTargetID = AF4217AB2700D626005F86B1;
					};
				};
			};
			buildConfigurationList = AF42179D2700D625005F86B1 /* Build configuration list for PBXProject "OnDemand resources" */;
			compatibilityVersion = "Xcode 13.0";
			developmentRegion = en;
			hasScannedForEncodings = 0;
			knownRegions = (
				en,
				Base,
			);
			mainGroup = AF4217992700D625005F86B1;
			productRefGroup = AF4217A72700D626005F86B1 /* Products */;
			projectDirPath = "";
			projectRoot = "";
			targets = (
				AF4217A52700D626005F86B1 /* OnDemand resources (iOS) */,
				AF4217AB2700D626005F86B1 /* OnDemand resources (macOS) */,
				AF4217B22700D626005F86B1 /* Tests iOS */,
				AF4217BE2700D626005F86B1 /* Tests macOS */,
			);
		};
/* End PBXProject section */

/* Begin PBXResourcesBuildPhase section */
		AF4217A42700D626005F86B1 /* Resources */ = {
			isa = PBXResourcesBuildPhase;
			buildActionMask = 2147483647;
			files = (
				AF4217CB2700D626005F86B1 /* Assets.xcassets in Resources */,
			);
			runOnlyForDeploymentPostprocessing = 0;
		};
		AF4217AA2700D626005F86B1 /* Resources */ = {
			isa = PBXResourcesBuildPhase;
			buildActionMask = 2147483647;
			files = (
				AF4217CC2700D626005F86B1 /* Assets.xcassets in Resources */,
			);
			runOnlyForDeploymentPostprocessing = 0;
		};
		AF4217B12700D626005F86B1 /* Resources */ = {
			isa = PBXResourcesBuildPhase;
			buildActionMask = 2147483647;
			files = (
			);
			runOnlyForDeploymentPostprocessing = 0;
		};
		AF4217BD2700D626005F86B1 /* Resources */ = {
			isa = PBXResourcesBuildPhase;
			buildActionMask = 2147483647;
			files = (
			);
			runOnlyForDeploymentPostprocessing = 0;
		};
/* End PBXResourcesBuildPhase section */

/* Begin PBXSourcesBuildPhase section */
		AF4217A22700D626005F86B1 /* Sources */ = {
			isa = PBXSourcesBuildPhase;
			buildActionMask = 2147483647;
			files = (
				AF4217DC2700DAD7005F86B1 /* OnDemandResources.swift in Sources */,
				AF4217DF2700DCC9005F86B1 /* DownloadResource.swift in Sources */,
				AF4217C92700D626005F86B1 /* ContentView.swift in Sources */,
				AF4217C72700D626005F86B1 /* OnDemand_resourcesApp.swift in Sources */,
			);
			runOnlyForDeploymentPostprocessing = 0;
		};
		AF4217A82700D626005F86B1 /* Sources */ = {
			isa = PBXSourcesBuildPhase;
			buildActionMask = 2147483647;
			files = (
				AF4217DD2700DAD7005F86B1 /* OnDemandResources.swift in Sources */,
				AF4217E02700DCC9005F86B1 /* DownloadResource.swift in Sources */,
				AF4217CA2700D626005F86B1 /* ContentView.swift in Sources */,
				AF4217C82700D626005F86B1 /* OnDemand_resourcesApp.swift in Sources */,
			);
			runOnlyForDeploymentPostprocessing = 0;
		};
		AF4217AF2700D626005F86B1 /* Sources */ = {
			isa = PBXSourcesBuildPhase;
			buildActionMask = 2147483647;
			files = (
				AF4217BA2700D626005F86B1 /* Tests_iOSLaunchTests.swift in Sources */,
				AF4217B82700D626005F86B1 /* Tests_iOS.swift in Sources */,
			);
			runOnlyForDeploymentPostprocessing = 0;
		};
		AF4217BB2700D626005F86B1 /* Sources */ = {
			isa = PBXSourcesBuildPhase;
			buildActionMask = 2147483647;
			files = (
				AF4217C62700D626005F86B1 /* Tests_macOSLaunchTests.swift in Sources */,
				AF4217C42700D626005F86B1 /* Tests_macOS.swift in Sources */,
			);
			runOnlyForDeploymentPostprocessing = 0;
		};
/* End PBXSourcesBuildPhase section */

/* Begin PBXTargetDependency section */
		AF4217B52700D626005F86B1 /* PBXTargetDependency */ = {
			isa = PBXTargetDependency;
			target = AF4217A52700D626005F86B1 /* OnDemand resources (iOS) */;
			targetProxy = AF4217B42700D626005F86B1 /* PBXContainerItemProxy */;
		};
		AF4217C12700D626005F86B1 /* PBXTargetDependency */ = {
			isa = PBXTargetDependency;
			target = AF4217AB2700D626005F86B1 /* OnDemand resources (macOS) */;
			targetProxy = AF4217C02700D626005F86B1 /* PBXContainerItemProxy */;
		};
/* End PBXTargetDependency section */

/* Begin XCBuildConfiguration section */
		AF4217CD2700D626005F86B1 /* Debug */ = {
			isa = XCBuildConfiguration;
			buildSettings = {
				ALWAYS_SEARCH_USER_PATHS = NO;
				CLANG_ANALYZER_NONNULL = YES;
				CLANG_ANALYZER_NUMBER_OBJECT_CONVERSION = YES_AGGRESSIVE;
				CLANG_CXX_LANGUAGE_STANDARD = "gnu++17";
				CLANG_CXX_LIBRARY = "libc++";
				CLANG_ENABLE_MODULES = YES;
				CLANG_ENABLE_OBJC_ARC = YES;
				CLANG_ENABLE_OBJC_WEAK = YES;
				CLANG_WARN_BLOCK_CAPTURE_AUTORELEASING = YES;
				CLANG_WARN_BOOL_CONVERSION = YES;
				CLANG_WARN_COMMA = YES;
				CLANG_WARN_CONSTANT_CONVERSION = YES;
				CLANG_WARN_DEPRECATED_OBJC_IMPLEMENTATIONS = YES;
				CLANG_WARN_DIRECT_OBJC_ISA_USAGE = YES_ERROR;
				CLANG_WARN_DOCUMENTATION_COMMENTS = YES;
				CLANG_WARN_EMPTY_BODY = YES;
				CLANG_WARN_ENUM_CONVERSION = YES;
				CLANG_WARN_INFINITE_RECURSION = YES;
				CLANG_WARN_INT_CONVERSION = YES;
				CLANG_WARN_NON_LITERAL_NULL_CONVERSION = YES;
				CLANG_WARN_OBJC_IMPLICIT_RETAIN_SELF = YES;
				CLANG_WARN_OBJC_LITERAL_CONVERSION = YES;
				CLANG_WARN_OBJC_ROOT_CLASS = YES_ERROR;
				CLANG_WARN_QUOTED_INCLUDE_IN_FRAMEWORK_HEADER = YES;
				CLANG_WARN_RANGE_LOOP_ANALYSIS = YES;
				CLANG_WARN_STRICT_PROTOTYPES = YES;
				CLANG_WARN_SUSPICIOUS_MOVE = YES;
				CLANG_WARN_UNGUARDED_AVAILABILITY = YES_AGGRESSIVE;
				CLANG_WARN_UNREACHABLE_CODE = YES;
				CLANG_WARN__DUPLICATE_METHOD_MATCH = YES;
				COPY_PHASE_STRIP = NO;
				DEBUG_INFORMATION_FORMAT = dwarf;
				ENABLE_STRICT_OBJC_MSGSEND = YES;
				ENABLE_TESTABILITY = YES;
				GCC_C_LANGUAGE_STANDARD = gnu11;
				GCC_DYNAMIC_NO_PIC = NO;
				GCC_NO_COMMON_BLOCKS = YES;
				GCC_OPTIMIZATION_LEVEL = 0;
				GCC_PREPROCESSOR_DEFINITIONS = (
					"DEBUG=1",
					"$(inherited)",
				);
				GCC_WARN_64_TO_32_BIT_CONVERSION = YES;
				GCC_WARN_ABOUT_RETURN_TYPE = YES_ERROR;
				GCC_WARN_UNDECLARED_SELECTOR = YES;
				GCC_WARN_UNINITIALIZED_AUTOS = YES_AGGRESSIVE;
				GCC_WARN_UNUSED_FUNCTION = YES;
				GCC_WARN_UNUSED_VARIABLE = YES;
				MTL_ENABLE_DEBUG_INFO = INCLUDE_SOURCE;
				MTL_FAST_MATH = YES;
				ONLY_ACTIVE_ARCH = YES;
				SWIFT_ACTIVE_COMPILATION_CONDITIONS = DEBUG;
				SWIFT_OPTIMIZATION_LEVEL = "-Onone";
			};
			name = Debug;
		};
		AF4217CE2700D626005F86B1 /* Release */ = {
			isa = XCBuildConfiguration;
			buildSettings = {
				ALWAYS_SEARCH_USER_PATHS = NO;
				CLANG_ANALYZER_NONNULL = YES;
				CLANG_ANALYZER_NUMBER_OBJECT_CONVERSION = YES_AGGRESSIVE;
				CLANG_CXX_LANGUAGE_STANDARD = "gnu++17";
				CLANG_CXX_LIBRARY = "libc++";
				CLANG_ENABLE_MODULES = YES;
				CLANG_ENABLE_OBJC_ARC = YES;
				CLANG_ENABLE_OBJC_WEAK = YES;
				CLANG_WARN_BLOCK_CAPTURE_AUTORELEASING = YES;
				CLANG_WARN_BOOL_CONVERSION = YES;
				CLANG_WARN_COMMA = YES;
				CLANG_WARN_CONSTANT_CONVERSION = YES;
				CLANG_WARN_DEPRECATED_OBJC_IMPLEMENTATIONS = YES;
				CLANG_WARN_DIRECT_OBJC_ISA_USAGE = YES_ERROR;
				CLANG_WARN_DOCUMENTATION_COMMENTS = YES;
				CLANG_WARN_EMPTY_BODY = YES;
				CLANG_WARN_ENUM_CONVERSION = YES;
				CLANG_WARN_INFINITE_RECURSION = YES;
				CLANG_WARN_INT_CONVERSION = YES;
				CLANG_WARN_NON_LITERAL_NULL_CONVERSION = YES;
				CLANG_WARN_OBJC_IMPLICIT_RETAIN_SELF = YES;
				CLANG_WARN_OBJC_LITERAL_CONVERSION = YES;
				CLANG_WARN_OBJC_ROOT_CLASS = YES_ERROR;
				CLANG_WARN_QUOTED_INCLUDE_IN_FRAMEWORK_HEADER = YES;
				CLANG_WARN_RANGE_LOOP_ANALYSIS = YES;
				CLANG_WARN_STRICT_PROTOTYPES = YES;
				CLANG_WARN_SUSPICIOUS_MOVE = YES;
				CLANG_WARN_UNGUARDED_AVAILABILITY = YES_AGGRESSIVE;
				CLANG_WARN_UNREACHABLE_CODE = YES;
				CLANG_WARN__DUPLICATE_METHOD_MATCH = YES;
				COPY_PHASE_STRIP = NO;
				DEBUG_INFORMATION_FORMAT = "dwarf-with-dsym";
				ENABLE_NS_ASSERTIONS = NO;
				ENABLE_STRICT_OBJC_MSGSEND = YES;
				GCC_C_LANGUAGE_STANDARD = gnu11;
				GCC_NO_COMMON_BLOCKS = YES;
				GCC_WARN_64_TO_32_BIT_CONVERSION = YES;
				GCC_WARN_ABOUT_RETURN_TYPE = YES_ERROR;
				GCC_WARN_UNDECLARED_SELECTOR = YES;
				GCC_WARN_UNINITIALIZED_AUTOS = YES_AGGRESSIVE;
				GCC_WARN_UNUSED_FUNCTION = YES;
				GCC_WARN_UNUSED_VARIABLE = YES;
				MTL_ENABLE_DEBUG_INFO = NO;
				MTL_FAST_MATH = YES;
				SWIFT_COMPILATION_MODE = wholemodule;
				SWIFT_OPTIMIZATION_LEVEL = "-O";
			};
			name = Release;
		};
		AF4217D02700D626005F86B1 /* Debug */ = {
			isa = XCBuildConfiguration;
			buildSettings = {
				ASSETCATALOG_COMPILER_APPICON_NAME = AppIcon;
				ASSETCATALOG_COMPILER_GLOBAL_ACCENT_COLOR_NAME = AccentColor;
				CODE_SIGN_STYLE = Automatic;
				CURRENT_PROJECT_VERSION = 1;
				DEVELOPMENT_TEAM = SE2J8FMNA2;
				ENABLE_PREVIEWS = YES;
				GENERATE_INFOPLIST_FILE = YES;
				INFOPLIST_KEY_UIApplicationSceneManifest_Generation = YES;
				INFOPLIST_KEY_UIApplicationSupportsIndirectInputEvents = YES;
				INFOPLIST_KEY_UILaunchScreen_Generation = YES;
				INFOPLIST_KEY_UISupportedInterfaceOrientations_iPad = "UIInterfaceOrientationPortrait UIInterfaceOrientationPortraitUpsideDown UIInterfaceOrientationLandscapeLeft UIInterfaceOrientationLandscapeRight";
				INFOPLIST_KEY_UISupportedInterfaceOrientations_iPhone = "UIInterfaceOrientationPortrait UIInterfaceOrientationLandscapeLeft UIInterfaceOrientationLandscapeRight";
				IPHONEOS_DEPLOYMENT_TARGET = 14.0;
				LD_RUNPATH_SEARCH_PATHS = (
					"$(inherited)",
					"@executable_path/Frameworks",
				);
				MARKETING_VERSION = 1.0;
				PRODUCT_BUNDLE_IDENTIFIER = "com.thiagolovatine.OnDemand-resources";
				PRODUCT_NAME = "OnDemand resources";
				SDKROOT = iphoneos;
				SWIFT_EMIT_LOC_STRINGS = YES;
				SWIFT_VERSION = 5.0;
				TARGETED_DEVICE_FAMILY = "1,2";
			};
			name = Debug;
		};
		AF4217D12700D626005F86B1 /* Release */ = {
			isa = XCBuildConfiguration;
			buildSettings = {
				ASSETCATALOG_COMPILER_APPICON_NAME = AppIcon;
				ASSETCATALOG_COMPILER_GLOBAL_ACCENT_COLOR_NAME = AccentColor;
				CODE_SIGN_STYLE = Automatic;
				CURRENT_PROJECT_VERSION = 1;
				DEVELOPMENT_TEAM = SE2J8FMNA2;
				ENABLE_PREVIEWS = YES;
				GENERATE_INFOPLIST_FILE = YES;
				INFOPLIST_KEY_UIApplicationSceneManifest_Generation = YES;
				INFOPLIST_KEY_UIApplicationSupportsIndirectInputEvents = YES;
				INFOPLIST_KEY_UILaunchScreen_Generation = YES;
				INFOPLIST_KEY_UISupportedInterfaceOrientations_iPad = "UIInterfaceOrientationPortrait UIInterfaceOrientationPortraitUpsideDown UIInterfaceOrientationLandscapeLeft UIInterfaceOrientationLandscapeRight";
				INFOPLIST_KEY_UISupportedInterfaceOrientations_iPhone = "UIInterfaceOrientationPortrait UIInterfaceOrientationLandscapeLeft UIInterfaceOrientationLandscapeRight";
				IPHONEOS_DEPLOYMENT_TARGET = 14.0;
				LD_RUNPATH_SEARCH_PATHS = (
					"$(inherited)",
					"@executable_path/Frameworks",
				);
				MARKETING_VERSION = 1.0;
				PRODUCT_BUNDLE_IDENTIFIER = "com.thiagolovatine.OnDemand-resources";
				PRODUCT_NAME = "OnDemand resources";
				SDKROOT = iphoneos;
				SWIFT_EMIT_LOC_STRINGS = YES;
				SWIFT_VERSION = 5.0;
				TARGETED_DEVICE_FAMILY = "1,2";
				VALIDATE_PRODUCT = YES;
			};
			name = Release;
		};
		AF4217D32700D626005F86B1 /* Debug */ = {
			isa = XCBuildConfiguration;
			buildSettings = {
				ASSETCATALOG_COMPILER_APPICON_NAME = AppIcon;
				ASSETCATALOG_COMPILER_GLOBAL_ACCENT_COLOR_NAME = AccentColor;
				CODE_SIGN_ENTITLEMENTS = macOS/macOS.entitlements;
				CODE_SIGN_STYLE = Automatic;
				COMBINE_HIDPI_IMAGES = YES;
				CURRENT_PROJECT_VERSION = 1;
				DEVELOPMENT_TEAM = SE2J8FMNA2;
				ENABLE_HARDENED_RUNTIME = YES;
				ENABLE_PREVIEWS = YES;
				GENERATE_INFOPLIST_FILE = YES;
				INFOPLIST_KEY_NSHumanReadableCopyright = "";
				LD_RUNPATH_SEARCH_PATHS = (
					"$(inherited)",
					"@executable_path/../Frameworks",
				);
				MACOSX_DEPLOYMENT_TARGET = 11.0;
				MARKETING_VERSION = 1.0;
				PRODUCT_BUNDLE_IDENTIFIER = "com.thiagolovatine.OnDemand-resources";
				PRODUCT_NAME = "OnDemand resources";
				SDKROOT = macosx;
				SWIFT_EMIT_LOC_STRINGS = YES;
				SWIFT_VERSION = 5.0;
			};
			name = Debug;
		};
		AF4217D42700D626005F86B1 /* Release */ = {
			isa = XCBuildConfiguration;
			buildSettings = {
				ASSETCATALOG_COMPILER_APPICON_NAME = AppIcon;
				ASSETCATALOG_COMPILER_GLOBAL_ACCENT_COLOR_NAME = AccentColor;
				CODE_SIGN_ENTITLEMENTS = macOS/macOS.entitlements;
				CODE_SIGN_STYLE = Automatic;
				COMBINE_HIDPI_IMAGES = YES;
				CURRENT_PROJECT_VERSION = 1;
				DEVELOPMENT_TEAM = SE2J8FMNA2;
				ENABLE_HARDENED_RUNTIME = YES;
				ENABLE_PREVIEWS = YES;
				GENERATE_INFOPLIST_FILE = YES;
				INFOPLIST_KEY_NSHumanReadableCopyright = "";
				LD_RUNPATH_SEARCH_PATHS = (
					"$(inherited)",
					"@executable_path/../Frameworks",
				);
				MACOSX_DEPLOYMENT_TARGET = 11.0;
				MARKETING_VERSION = 1.0;
				PRODUCT_BUNDLE_IDENTIFIER = "com.thiagolovatine.OnDemand-resources";
				PRODUCT_NAME = "OnDemand resources";
				SDKROOT = macosx;
				SWIFT_EMIT_LOC_STRINGS = YES;
				SWIFT_VERSION = 5.0;
			};
			name = Release;
		};
		AF4217D62700D626005F86B1 /* Debug */ = {
			isa = XCBuildConfiguration;
			buildSettings = {
				ALWAYS_EMBED_SWIFT_STANDARD_LIBRARIES = YES;
				CODE_SIGN_STYLE = Automatic;
				CURRENT_PROJECT_VERSION = 1;
				DEVELOPMENT_TEAM = SE2J8FMNA2;
				GENERATE_INFOPLIST_FILE = YES;
				IPHONEOS_DEPLOYMENT_TARGET = 15.0;
				LD_RUNPATH_SEARCH_PATHS = (
					"$(inherited)",
					"@executable_path/Frameworks",
					"@loader_path/Frameworks",
				);
				MARKETING_VERSION = 1.0;
				PRODUCT_BUNDLE_IDENTIFIER = "com.thiagolovatine.Tests-iOS";
				PRODUCT_NAME = "$(TARGET_NAME)";
				SDKROOT = iphoneos;
				SWIFT_EMIT_LOC_STRINGS = NO;
				SWIFT_VERSION = 5.0;
				TARGETED_DEVICE_FAMILY = "1,2";
				TEST_TARGET_NAME = "OnDemand resources (iOS)";
			};
			name = Debug;
		};
		AF4217D72700D626005F86B1 /* Release */ = {
			isa = XCBuildConfiguration;
			buildSettings = {
				ALWAYS_EMBED_SWIFT_STANDARD_LIBRARIES = YES;
				CODE_SIGN_STYLE = Automatic;
				CURRENT_PROJECT_VERSION = 1;
				DEVELOPMENT_TEAM = SE2J8FMNA2;
				GENERATE_INFOPLIST_FILE = YES;
				IPHONEOS_DEPLOYMENT_TARGET = 15.0;
				LD_RUNPATH_SEARCH_PATHS = (
					"$(inherited)",
					"@executable_path/Frameworks",
					"@loader_path/Frameworks",
				);
				MARKETING_VERSION = 1.0;
				PRODUCT_BUNDLE_IDENTIFIER = "com.thiagolovatine.Tests-iOS";
				PRODUCT_NAME = "$(TARGET_NAME)";
				SDKROOT = iphoneos;
				SWIFT_EMIT_LOC_STRINGS = NO;
				SWIFT_VERSION = 5.0;
				TARGETED_DEVICE_FAMILY = "1,2";
				TEST_TARGET_NAME = "OnDemand resources (iOS)";
				VALIDATE_PRODUCT = YES;
			};
			name = Release;
		};
		AF4217D92700D626005F86B1 /* Debug */ = {
			isa = XCBuildConfiguration;
			buildSettings = {
				ALWAYS_EMBED_SWIFT_STANDARD_LIBRARIES = YES;
				CODE_SIGN_STYLE = Automatic;
				COMBINE_HIDPI_IMAGES = YES;
				CURRENT_PROJECT_VERSION = 1;
				DEVELOPMENT_TEAM = SE2J8FMNA2;
				GENERATE_INFOPLIST_FILE = YES;
				LD_RUNPATH_SEARCH_PATHS = (
					"$(inherited)",
					"@executable_path/../Frameworks",
					"@loader_path/../Frameworks",
				);
				MACOSX_DEPLOYMENT_TARGET = 11.3;
				MARKETING_VERSION = 1.0;
				PRODUCT_BUNDLE_IDENTIFIER = "com.thiagolovatine.Tests-macOS";
				PRODUCT_NAME = "$(TARGET_NAME)";
				SDKROOT = macosx;
				SWIFT_EMIT_LOC_STRINGS = NO;
				SWIFT_VERSION = 5.0;
				TEST_TARGET_NAME = "OnDemand resources (macOS)";
			};
			name = Debug;
		};
		AF4217DA2700D626005F86B1 /* Release */ = {
			isa = XCBuildConfiguration;
			buildSettings = {
				ALWAYS_EMBED_SWIFT_STANDARD_LIBRARIES = YES;
				CODE_SIGN_STYLE = Automatic;
				COMBINE_HIDPI_IMAGES = YES;
				CURRENT_PROJECT_VERSION = 1;
				DEVELOPMENT_TEAM = SE2J8FMNA2;
				GENERATE_INFOPLIST_FILE = YES;
				LD_RUNPATH_SEARCH_PATHS = (
					"$(inherited)",
					"@executable_path/../Frameworks",
					"@loader_path/../Frameworks",
				);
				MACOSX_DEPLOYMENT_TARGET = 11.3;
				MARKETING_VERSION = 1.0;
				PRODUCT_BUNDLE_IDENTIFIER = "com.thiagolovatine.Tests-macOS";
				PRODUCT_NAME = "$(TARGET_NAME)";
				SDKROOT = macosx;
				SWIFT_EMIT_LOC_STRINGS = NO;
				SWIFT_VERSION = 5.0;
				TEST_TARGET_NAME = "OnDemand resources (macOS)";
			};
			name = Release;
		};
/* End XCBuildConfiguration section */

/* Begin XCConfigurationList section */
		AF42179D2700D625005F86B1 /* Build configuration list for PBXProject "OnDemand resources" */ = {
			isa = XCConfigurationList;
			buildConfigurations = (
				AF4217CD2700D626005F86B1 /* Debug */,
				AF4217CE2700D626005F86B1 /* Release */,
			);
			defaultConfigurationIsVisible = 0;
			defaultConfigurationName = Release;
		};
		AF4217CF2700D626005F86B1 /* Build configuration list for PBXNativeTarget "OnDemand resources (iOS)" */ = {
			isa = XCConfigurationList;
			buildConfigurations = (
				AF4217D02700D626005F86B1 /* Debug */,
				AF4217D12700D626005F86B1 /* Release */,
			);
			defaultConfigurationIsVisible = 0;
			defaultConfigurationName = Release;
		};
		AF4217D22700D626005F86B1 /* Build configuration list for PBXNativeTarget "OnDemand resources (macOS)" */ = {
			isa = XCConfigurationList;
			buildConfigurations = (
				AF4217D32700D626005F86B1 /* Debug */,
				AF4217D42700D626005F86B1 /* Release */,
			);
			defaultConfigurationIsVisible = 0;
			defaultConfigurationName = Release;
		};
		AF4217D52700D626005F86B1 /* Build configuration list for PBXNativeTarget "Tests iOS" */ = {
			isa = XCConfigurationList;
			buildConfigurations = (
				AF4217D62700D626005F86B1 /* Debug */,
				AF4217D72700D626005F86B1 /* Release */,
			);
			defaultConfigurationIsVisible = 0;
			defaultConfigurationName = Release;
		};
		AF4217D82700D626005F86B1 /* Build configuration list for PBXNativeTarget "Tests macOS" */ = {
			isa = XCConfigurationList;
			buildConfigurations = (
				AF4217D92700D626005F86B1 /* Debug */,
				AF4217DA2700D626005F86B1 /* Release */,
			);
			defaultConfigurationIsVisible = 0;
			defaultConfigurationName = Release;
		};
/* End XCConfigurationList section */
	};
	rootObject = AF42179A2700D625005F86B1 /* Project object */;
}
